// !$*UTF8*$!
{
	archiveVersion = 1;
	classes = {
	};
	objectVersion = 46;
	objects = {

/* Begin PBXBuildFile section */
		8A0A59591D15B74000F26089 /* LoginViewController.swift in Sources */ = {isa = PBXBuildFile; fileRef = 8A0A59581D15B74000F26089 /* LoginViewController.swift */; };
		8A0A595B1D15C85B00F26089 /* Constants.swift in Sources */ = {isa = PBXBuildFile; fileRef = 8A0A595A1D15C85B00F26089 /* Constants.swift */; };
		8A0A595E1D15CDBA00F26089 /* Theme.swift in Sources */ = {isa = PBXBuildFile; fileRef = 8A0A595D1D15CDBA00F26089 /* Theme.swift */; };
		8A0A59621D15D0AC00F26089 /* menuCell.xib in Resources */ = {isa = PBXBuildFile; fileRef = 8A0A59611D15D0AC00F26089 /* menuCell.xib */; };
		8A0A59641D15D12E00F26089 /* MenuCell.swift in Sources */ = {isa = PBXBuildFile; fileRef = 8A0A59631D15D12E00F26089 /* MenuCell.swift */; };
		8A0A59661D15D6B400F26089 /* profileCell.xib in Resources */ = {isa = PBXBuildFile; fileRef = 8A0A59651D15D6B400F26089 /* profileCell.xib */; };
		8A0A59691D15DBE500F26089 /* OptionViewController.swift in Sources */ = {isa = PBXBuildFile; fileRef = 8A0A59681D15DBE500F26089 /* OptionViewController.swift */; };
		8A0A596E1D15DC8800F26089 /* OptionCell.xib in Resources */ = {isa = PBXBuildFile; fileRef = 8A0A596D1D15DC8800F26089 /* OptionCell.xib */; };
		8A0A59701D15E16700F26089 /* OptionCell.swift in Sources */ = {isa = PBXBuildFile; fileRef = 8A0A596F1D15E16700F26089 /* OptionCell.swift */; };
		8A0A59901D160D2E00F26089 /* Assets.xcassets in Resources */ = {isa = PBXBuildFile; fileRef = 8A0A598F1D160D2E00F26089 /* Assets.xcassets */; };
		8A5712061D16408C00340353 /* cell.xib in Resources */ = {isa = PBXBuildFile; fileRef = 8A5712051D16408C00340353 /* cell.xib */; };
		8AEB436A1D1597CE004B97E7 /* AppDelegate.swift in Sources */ = {isa = PBXBuildFile; fileRef = 8AEB43691D1597CE004B97E7 /* AppDelegate.swift */; };
		8AEB436C1D1597CE004B97E7 /* ViewController.swift in Sources */ = {isa = PBXBuildFile; fileRef = 8AEB436B1D1597CE004B97E7 /* ViewController.swift */; };
		8AEB436F1D1597CE004B97E7 /* Main.storyboard in Resources */ = {isa = PBXBuildFile; fileRef = 8AEB436D1D1597CE004B97E7 /* Main.storyboard */; };
		8AEB43741D1597CE004B97E7 /* LaunchScreen.storyboard in Resources */ = {isa = PBXBuildFile; fileRef = 8AEB43721D1597CE004B97E7 /* LaunchScreen.storyboard */; };
		8AEB437D1D15B487004B97E7 /* Login.storyboard in Resources */ = {isa = PBXBuildFile; fileRef = 8AEB437C1D15B487004B97E7 /* Login.storyboard */; };
		F0EA8F39447BAF1F12386F84 /* Pods_My_Fancy_Room.framework in Frameworks */ = {isa = PBXBuildFile; fileRef = C141F99974E2AC5ADCACCFC0 /* Pods_My_Fancy_Room.framework */; };
/* End PBXBuildFile section */

/* Begin PBXFileReference section */
		0AC07D1EC4DD0AA69FA339BA /* Pods-My Fancy Room.debug.xcconfig */ = {isa = PBXFileReference; includeInIndex = 1; lastKnownFileType = text.xcconfig; name = "Pods-My Fancy Room.debug.xcconfig"; path = "Pods/Target Support Files/Pods-My Fancy Room/Pods-My Fancy Room.debug.xcconfig"; sourceTree = "<group>"; };
		8A0A59581D15B74000F26089 /* LoginViewController.swift */ = {isa = PBXFileReference; fileEncoding = 4; lastKnownFileType = sourcecode.swift; path = LoginViewController.swift; sourceTree = "<group>"; };
		8A0A595A1D15C85B00F26089 /* Constants.swift */ = {isa = PBXFileReference; fileEncoding = 4; lastKnownFileType = sourcecode.swift; path = Constants.swift; sourceTree = "<group>"; };
		8A0A595D1D15CDBA00F26089 /* Theme.swift */ = {isa = PBXFileReference; fileEncoding = 4; lastKnownFileType = sourcecode.swift; path = Theme.swift; sourceTree = "<group>"; };
		8A0A59611D15D0AC00F26089 /* menuCell.xib */ = {isa = PBXFileReference; fileEncoding = 4; lastKnownFileType = file.xib; path = menuCell.xib; sourceTree = "<group>"; };
		8A0A59631D15D12E00F26089 /* MenuCell.swift */ = {isa = PBXFileReference; fileEncoding = 4; lastKnownFileType = sourcecode.swift; path = MenuCell.swift; sourceTree = "<group>"; };
		8A0A59651D15D6B400F26089 /* profileCell.xib */ = {isa = PBXFileReference; fileEncoding = 4; lastKnownFileType = file.xib; path = profileCell.xib; sourceTree = "<group>"; };
		8A0A59681D15DBE500F26089 /* OptionViewController.swift */ = {isa = PBXFileReference; fileEncoding = 4; lastKnownFileType = sourcecode.swift; path = OptionViewController.swift; sourceTree = "<group>"; };
		8A0A596D1D15DC8800F26089 /* OptionCell.xib */ = {isa = PBXFileReference; fileEncoding = 4; lastKnownFileType = file.xib; path = OptionCell.xib; sourceTree = "<group>"; };
		8A0A596F1D15E16700F26089 /* OptionCell.swift */ = {isa = PBXFileReference; fileEncoding = 4; lastKnownFileType = sourcecode.swift; path = OptionCell.swift; sourceTree = "<group>"; };
		8A0A598F1D160D2E00F26089 /* Assets.xcassets */ = {isa = PBXFileReference; lastKnownFileType = folder.assetcatalog; name = Assets.xcassets; path = "My Fancy Room/Assets.xcassets"; sourceTree = "<group>"; };
		8A5712051D16408C00340353 /* cell.xib */ = {isa = PBXFileReference; fileEncoding = 4; lastKnownFileType = file.xib; path = cell.xib; sourceTree = "<group>"; };
		8AEB43661D1597CE004B97E7 /* My Fancy Room.app */ = {isa = PBXFileReference; explicitFileType = wrapper.application; includeInIndex = 0; path = "My Fancy Room.app"; sourceTree = BUILT_PRODUCTS_DIR; };
		8AEB43691D1597CE004B97E7 /* AppDelegate.swift */ = {isa = PBXFileReference; lastKnownFileType = sourcecode.swift; path = AppDelegate.swift; sourceTree = "<group>"; };
		8AEB436B1D1597CE004B97E7 /* ViewController.swift */ = {isa = PBXFileReference; lastKnownFileType = sourcecode.swift; path = ViewController.swift; sourceTree = "<group>"; };
		8AEB436E1D1597CE004B97E7 /* Base */ = {isa = PBXFileReference; lastKnownFileType = file.storyboard; name = Base; path = Base.lproj/Main.storyboard; sourceTree = "<group>"; };
		8AEB43731D1597CE004B97E7 /* Base */ = {isa = PBXFileReference; lastKnownFileType = file.storyboard; name = Base; path = Base.lproj/LaunchScreen.storyboard; sourceTree = "<group>"; };
		8AEB43751D1597CE004B97E7 /* Info.plist */ = {isa = PBXFileReference; lastKnownFileType = text.plist.xml; path = Info.plist; sourceTree = "<group>"; };
		8AEB437C1D15B487004B97E7 /* Login.storyboard */ = {isa = PBXFileReference; fileEncoding = 4; lastKnownFileType = file.storyboard; path = Login.storyboard; sourceTree = "<group>"; };
		C141F99974E2AC5ADCACCFC0 /* Pods_My_Fancy_Room.framework */ = {isa = PBXFileReference; explicitFileType = wrapper.framework; includeInIndex = 0; path = Pods_My_Fancy_Room.framework; sourceTree = BUILT_PRODUCTS_DIR; };
		E7C9AB9F37FD5BE61E84FA1F /* Pods-My Fancy Room.release.xcconfig */ = {isa = PBXFileReference; includeInIndex = 1; lastKnownFileType = text.xcconfig; name = "Pods-My Fancy Room.release.xcconfig"; path = "Pods/Target Support Files/Pods-My Fancy Room/Pods-My Fancy Room.release.xcconfig"; sourceTree = "<group>"; };
/* End PBXFileReference section */

/* Begin PBXFrameworksBuildPhase section */
		8AEB43631D1597CE004B97E7 /* Frameworks */ = {
			isa = PBXFrameworksBuildPhase;
			buildActionMask = 2147483647;
			files = (
				F0EA8F39447BAF1F12386F84 /* Pods_My_Fancy_Room.framework in Frameworks */,
			);
			runOnlyForDeploymentPostprocessing = 0;
		};
/* End PBXFrameworksBuildPhase section */

/* Begin PBXGroup section */
		80768DD77734667593C1EB26 /* Pods */ = {
			isa = PBXGroup;
			children = (
				0AC07D1EC4DD0AA69FA339BA /* Pods-My Fancy Room.debug.xcconfig */,
				E7C9AB9F37FD5BE61E84FA1F /* Pods-My Fancy Room.release.xcconfig */,
			);
			name = Pods;
			sourceTree = "<group>";
		};
		8A0A595C1D15C87100F26089 /* Tool */ = {
			isa = PBXGroup;
			children = (
				8A0A595A1D15C85B00F26089 /* Constants.swift */,
				8A0A595D1D15CDBA00F26089 /* Theme.swift */,
			);
			name = Tool;
			sourceTree = "<group>";
		};
		8A0A595F1D15D02A00F26089 /* Main */ = {
			isa = PBXGroup;
			children = (
				8A0A59601D15D09C00F26089 /* Cell */,
				8AEB436D1D1597CE004B97E7 /* Main.storyboard */,
				8AEB436B1D1597CE004B97E7 /* ViewController.swift */,
			);
			name = Main;
			sourceTree = "<group>";
		};
		8A0A59601D15D09C00F26089 /* Cell */ = {
			isa = PBXGroup;
			children = (
				8A0A59611D15D0AC00F26089 /* menuCell.xib */,
				8A0A59631D15D12E00F26089 /* MenuCell.swift */,
				8A0A59651D15D6B400F26089 /* profileCell.xib */,
			);
			name = Cell;
			sourceTree = "<group>";
		};
		8A0A59671D15DBC300F26089 /* Selection */ = {
			isa = PBXGroup;
			children = (
				8A0A596C1D15DC4100F26089 /* cells */,
				8A0A59681D15DBE500F26089 /* OptionViewController.swift */,
			);
			name = Selection;
			sourceTree = "<group>";
		};
		8A0A596C1D15DC4100F26089 /* cells */ = {
			isa = PBXGroup;
			children = (
				8A0A596D1D15DC8800F26089 /* OptionCell.xib */,
				8A0A596F1D15E16700F26089 /* OptionCell.swift */,
				8A5712051D16408C00340353 /* cell.xib */,
			);
			name = cells;
			sourceTree = "<group>";
		};
		8AEB435D1D1597CE004B97E7 = {
			isa = PBXGroup;
			children = (
				8A0A598F1D160D2E00F26089 /* Assets.xcassets */,
				8AEB43681D1597CE004B97E7 /* My Fancy Room */,
				8AEB43671D1597CE004B97E7 /* Products */,
				80768DD77734667593C1EB26 /* Pods */,
				ED6D3A7CEAF735302E282587 /* Frameworks */,
			);
			sourceTree = "<group>";
		};
		8AEB43671D1597CE004B97E7 /* Products */ = {
			isa = PBXGroup;
			children = (
				8AEB43661D1597CE004B97E7 /* My Fancy Room.app */,
			);
			name = Products;
			sourceTree = "<group>";
		};
		8AEB43681D1597CE004B97E7 /* My Fancy Room */ = {
			isa = PBXGroup;
			children = (
				8AEB43691D1597CE004B97E7 /* AppDelegate.swift */,
				8AEB437B1D15B208004B97E7 /* Login */,
				8A0A595F1D15D02A00F26089 /* Main */,
				8A0A59671D15DBC300F26089 /* Selection */,
				8A0A595C1D15C87100F26089 /* Tool */,
				8AEB43721D1597CE004B97E7 /* LaunchScreen.storyboard */,
				8AEB43751D1597CE004B97E7 /* Info.plist */,
			);
			path = "My Fancy Room";
			sourceTree = "<group>";
		};
		8AEB437B1D15B208004B97E7 /* Login */ = {
			isa = PBXGroup;
			children = (
				8AEB437C1D15B487004B97E7 /* Login.storyboard */,
				8A0A59581D15B74000F26089 /* LoginViewController.swift */,
			);
			name = Login;
			sourceTree = "<group>";
		};
		ED6D3A7CEAF735302E282587 /* Frameworks */ = {
			isa = PBXGroup;
			children = (
				C141F99974E2AC5ADCACCFC0 /* Pods_My_Fancy_Room.framework */,
			);
			name = Frameworks;
			sourceTree = "<group>";
		};
/* End PBXGroup section */

/* Begin PBXNativeTarget section */
		8AEB43651D1597CE004B97E7 /* My Fancy Room */ = {
			isa = PBXNativeTarget;
			buildConfigurationList = 8AEB43781D1597CE004B97E7 /* Build configuration list for PBXNativeTarget "My Fancy Room" */;
			buildPhases = (
				4341EF683849F5772B48D944 /* [CP] Check Pods Manifest.lock */,
				8AEB43621D1597CE004B97E7 /* Sources */,
				8AEB43631D1597CE004B97E7 /* Frameworks */,
				8AEB43641D1597CE004B97E7 /* Resources */,
				F20756FCBCC2D066D10F4C95 /* [CP] Embed Pods Frameworks */,
				E2B80622AE8304AF16A90019 /* [CP] Copy Pods Resources */,
			);
			buildRules = (
			);
			dependencies = (
			);
			name = "My Fancy Room";
			productName = "My Fancy Room";
			productReference = 8AEB43661D1597CE004B97E7 /* My Fancy Room.app */;
			productType = "com.apple.product-type.application";
		};
/* End PBXNativeTarget section */

/* Begin PBXProject section */
		8AEB435E1D1597CE004B97E7 /* Project object */ = {
			isa = PBXProject;
			attributes = {
				LastSwiftUpdateCheck = 0730;
				LastUpgradeCheck = 0730;
				ORGANIZATIONNAME = "Yannick Jacques";
				TargetAttributes = {
					8AEB43651D1597CE004B97E7 = {
						CreatedOnToolsVersion = 7.3.1;
						DevelopmentTeam = Q552577N6X;
					};
				};
			};
			buildConfigurationList = 8AEB43611D1597CE004B97E7 /* Build configuration list for PBXProject "My Fancy Room" */;
			compatibilityVersion = "Xcode 3.2";
			developmentRegion = English;
			hasScannedForEncodings = 0;
			knownRegions = (
				en,
				Base,
			);
			mainGroup = 8AEB435D1D1597CE004B97E7;
			productRefGroup = 8AEB43671D1597CE004B97E7 /* Products */;
			projectDirPath = "";
			projectRoot = "";
			targets = (
				8AEB43651D1597CE004B97E7 /* My Fancy Room */,
			);
		};
/* End PBXProject section */

/* Begin PBXResourcesBuildPhase section */
		8AEB43641D1597CE004B97E7 /* Resources */ = {
			isa = PBXResourcesBuildPhase;
			buildActionMask = 2147483647;
			files = (
				8A0A596E1D15DC8800F26089 /* OptionCell.xib in Resources */,
				8A5712061D16408C00340353 /* cell.xib in Resources */,
				8AEB437D1D15B487004B97E7 /* Login.storyboard in Resources */,
				8A0A59661D15D6B400F26089 /* profileCell.xib in Resources */,
				8AEB43741D1597CE004B97E7 /* LaunchScreen.storyboard in Resources */,
				8A0A59901D160D2E00F26089 /* Assets.xcassets in Resources */,
				8A0A59621D15D0AC00F26089 /* menuCell.xib in Resources */,
				8AEB436F1D1597CE004B97E7 /* Main.storyboard in Resources */,
			);
			runOnlyForDeploymentPostprocessing = 0;
		};
/* End PBXResourcesBuildPhase section */

/* Begin PBXShellScriptBuildPhase section */
		4341EF683849F5772B48D944 /* [CP] Check Pods Manifest.lock */ = {
			isa = PBXShellScriptBuildPhase;
			buildActionMask = 2147483647;
			files = (
			);
			inputPaths = (
			);
			name = "[CP] Check Pods Manifest.lock";
			outputPaths = (
			);
			runOnlyForDeploymentPostprocessing = 0;
			shellPath = /bin/sh;
			shellScript = "diff \"${PODS_ROOT}/../Podfile.lock\" \"${PODS_ROOT}/Manifest.lock\" > /dev/null\nif [[ $? != 0 ]] ; then\n    cat << EOM\nerror: The sandbox is not in sync with the Podfile.lock. Run 'pod install' or update your CocoaPods installation.\nEOM\n    exit 1\nfi\n";
			showEnvVarsInLog = 0;
		};
		E2B80622AE8304AF16A90019 /* [CP] Copy Pods Resources */ = {
			isa = PBXShellScriptBuildPhase;
			buildActionMask = 2147483647;
			files = (
			);
			inputPaths = (
			);
			name = "[CP] Copy Pods Resources";
			outputPaths = (
			);
			runOnlyForDeploymentPostprocessing = 0;
			shellPath = /bin/sh;
			shellScript = "\"${SRCROOT}/Pods/Target Support Files/Pods-My Fancy Room/Pods-My Fancy Room-resources.sh\"\n";
			showEnvVarsInLog = 0;
		};
		F20756FCBCC2D066D10F4C95 /* [CP] Embed Pods Frameworks */ = {
			isa = PBXShellScriptBuildPhase;
			buildActionMask = 2147483647;
			files = (
			);
			inputPaths = (
			);
			name = "[CP] Embed Pods Frameworks";
			outputPaths = (
			);
			runOnlyForDeploymentPostprocessing = 0;
			shellPath = /bin/sh;
			shellScript = "\"${SRCROOT}/Pods/Target Support Files/Pods-My Fancy Room/Pods-My Fancy Room-frameworks.sh\"\n";
			showEnvVarsInLog = 0;
		};
/* End PBXShellScriptBuildPhase section */

/* Begin PBXSourcesBuildPhase section */
		8AEB43621D1597CE004B97E7 /* Sources */ = {
			isa = PBXSourcesBuildPhase;
			buildActionMask = 2147483647;
			files = (
				8A0A59591D15B74000F26089 /* LoginViewController.swift in Sources */,
				8AEB436C1D1597CE004B97E7 /* ViewController.swift in Sources */,
				8A0A59641D15D12E00F26089 /* MenuCell.swift in Sources */,
				8A0A595E1D15CDBA00F26089 /* Theme.swift in Sources */,
				8A0A59701D15E16700F26089 /* OptionCell.swift in Sources */,
				8A0A59691D15DBE500F26089 /* OptionViewController.swift in Sources */,
				8AEB436A1D1597CE004B97E7 /* AppDelegate.swift in Sources */,
				8A0A595B1D15C85B00F26089 /* Constants.swift in Sources */,
			);
			runOnlyForDeploymentPostprocessing = 0;
		};
/* End PBXSourcesBuildPhase section */

/* Begin PBXVariantGroup section */
		8AEB436D1D1597CE004B97E7 /* Main.storyboard */ = {
			isa = PBXVariantGroup;
			children = (
				8AEB436E1D1597CE004B97E7 /* Base */,
			);
			name = Main.storyboard;
			sourceTree = "<group>";
		};
		8AEB43721D1597CE004B97E7 /* LaunchScreen.storyboard */ = {
			isa = PBXVariantGroup;
			children = (
				8AEB43731D1597CE004B97E7 /* Base */,
			);
			name = LaunchScreen.storyboard;
			sourceTree = "<group>";
		};
/* End PBXVariantGroup section */

/* Begin XCBuildConfiguration section */
		8AEB43761D1597CE004B97E7 /* Debug */ = {
			isa = XCBuildConfiguration;
			buildSettings = {
				ALWAYS_SEARCH_USER_PATHS = NO;
				CLANG_ANALYZER_NONNULL = YES;
				CLANG_CXX_LANGUAGE_STANDARD = "gnu++0x";
				CLANG_CXX_LIBRARY = "libc++";
				CLANG_ENABLE_MODULES = YES;
				CLANG_ENABLE_OBJC_ARC = YES;
				CLANG_WARN_BOOL_CONVERSION = YES;
				CLANG_WARN_CONSTANT_CONVERSION = YES;
				CLANG_WARN_DIRECT_OBJC_ISA_USAGE = YES_ERROR;
				CLANG_WARN_EMPTY_BODY = YES;
				CLANG_WARN_ENUM_CONVERSION = YES;
				CLANG_WARN_INT_CONVERSION = YES;
				CLANG_WARN_OBJC_ROOT_CLASS = YES_ERROR;
				CLANG_WARN_UNREACHABLE_CODE = YES;
				CLANG_WARN__DUPLICATE_METHOD_MATCH = YES;
				"CODE_SIGN_IDENTITY[sdk=iphoneos*]" = "iPhone Developer";
				COPY_PHASE_STRIP = NO;
				DEBUG_INFORMATION_FORMAT = dwarf;
				ENABLE_STRICT_OBJC_MSGSEND = YES;
				ENABLE_TESTABILITY = YES;
				GCC_C_LANGUAGE_STANDARD = gnu99;
				GCC_DYNAMIC_NO_PIC = NO;
				GCC_NO_COMMON_BLOCKS = YES;
				GCC_OPTIMIZATION_LEVEL = 0;
				GCC_PREPROCESSOR_DEFINITIONS = (
					"DEBUG=1",
					"$(inherited)",
				);
				GCC_WARN_64_TO_32_BIT_CONVERSION = YES;
				GCC_WARN_ABOUT_RETURN_TYPE = YES_ERROR;
				GCC_WARN_UNDECLARED_SELECTOR = YES;
				GCC_WARN_UNINITIALIZED_AUTOS = YES_AGGRESSIVE;
				GCC_WARN_UNUSED_FUNCTION = YES;
				GCC_WARN_UNUSED_VARIABLE = YES;
				IPHONEOS_DEPLOYMENT_TARGET = 9.3;
				MTL_ENABLE_DEBUG_INFO = YES;
				ONLY_ACTIVE_ARCH = YES;
				SDKROOT = iphoneos;
				SWIFT_OPTIMIZATION_LEVEL = "-Onone";
				TARGETED_DEVICE_FAMILY = "1,2";
			};
			name = Debug;
		};
		8AEB43771D1597CE004B97E7 /* Release */ = {
			isa = XCBuildConfiguration;
			buildSettings = {
				ALWAYS_SEARCH_USER_PATHS = NO;
				CLANG_ANALYZER_NONNULL = YES;
				CLANG_CXX_LANGUAGE_STANDARD = "gnu++0x";
				CLANG_CXX_LIBRARY = "libc++";
				CLANG_ENABLE_MODULES = YES;
				CLANG_ENABLE_OBJC_ARC = YES;
				CLANG_WARN_BOOL_CONVERSION = YES;
				CLANG_WARN_CONSTANT_CONVERSION = YES;
				CLANG_WARN_DIRECT_OBJC_ISA_USAGE = YES_ERROR;
				CLANG_WARN_EMPTY_BODY = YES;
				CLANG_WARN_ENUM_CONVERSION = YES;
				CLANG_WARN_INT_CONVERSION = YES;
				CLANG_WARN_OBJC_ROOT_CLASS = YES_ERROR;
				CLANG_WARN_UNREACHABLE_CODE = YES;
				CLANG_WARN__DUPLICATE_METHOD_MATCH = YES;
				"CODE_SIGN_IDENTITY[sdk=iphoneos*]" = "iPhone Developer";
				COPY_PHASE_STRIP = NO;
				DEBUG_INFORMATION_FORMAT = "dwarf-with-dsym";
				ENABLE_NS_ASSERTIONS = NO;
				ENABLE_STRICT_OBJC_MSGSEND = YES;
				GCC_C_LANGUAGE_STANDARD = gnu99;
				GCC_NO_COMMON_BLOCKS = YES;
				GCC_WARN_64_TO_32_BIT_CONVERSION = YES;
				GCC_WARN_ABOUT_RETURN_TYPE = YES_ERROR;
				GCC_WARN_UNDECLARED_SELECTOR = YES;
				GCC_WARN_UNINITIALIZED_AUTOS = YES_AGGRESSIVE;
				GCC_WARN_UNUSED_FUNCTION = YES;
				GCC_WARN_UNUSED_VARIABLE = YES;
				IPHONEOS_DEPLOYMENT_TARGET = 9.3;
				MTL_ENABLE_DEBUG_INFO = NO;
				SDKROOT = iphoneos;
				TARGETED_DEVICE_FAMILY = "1,2";
				VALIDATE_PRODUCT = YES;
			};
			name = Release;
		};
		8AEB43791D1597CE004B97E7 /* Debug */ = {
			isa = XCBuildConfiguration;
			baseConfigurationReference = 0AC07D1EC4DD0AA69FA339BA /* Pods-My Fancy Room.debug.xcconfig */;
			buildSettings = {
				ASSETCATALOG_COMPILER_APPICON_NAME = AppIcon;
				CODE_SIGN_IDENTITY = "iPhone Developer";
				INFOPLIST_FILE = "My Fancy Room/Info.plist";
				IPHONEOS_DEPLOYMENT_TARGET = 9.0;
				LD_RUNPATH_SEARCH_PATHS = "$(inherited) @executable_path/Frameworks";
				PRODUCT_BUNDLE_IDENTIFIER = "com.donrakesdesign.My-Fancy-Room";
				PRODUCT_NAME = "$(TARGET_NAME)";
			};
			name = Debug;
		};
		8AEB437A1D1597CE004B97E7 /* Release */ = {
			isa = XCBuildConfiguration;
			baseConfigurationReference = E7C9AB9F37FD5BE61E84FA1F /* Pods-My Fancy Room.release.xcconfig */;
			buildSettings = {
				ASSETCATALOG_COMPILER_APPICON_NAME = AppIcon;
				CODE_SIGN_IDENTITY = "iPhone Developer";
				INFOPLIST_FILE = "My Fancy Room/Info.plist";
				IPHONEOS_DEPLOYMENT_TARGET = 9.0;
				LD_RUNPATH_SEARCH_PATHS = "$(inherited) @executable_path/Frameworks";
				PRODUCT_BUNDLE_IDENTIFIER = "com.donrakesdesign.My-Fancy-Room";
				PRODUCT_NAME = "$(TARGET_NAME)";
			};
			name = Release;
		};
/* End XCBuildConfiguration section */

/* Begin XCConfigurationList section */
		8AEB43611D1597CE004B97E7 /* Build configuration list for PBXProject "My Fancy Room" */ = {
			isa = XCConfigurationList;
			buildConfigurations = (
				8AEB43761D1597CE004B97E7 /* Debug */,
				8AEB43771D1597CE004B97E7 /* Release */,
			);
			defaultConfigurationIsVisible = 0;
			defaultConfigurationName = Release;
		};
		8AEB43781D1597CE004B97E7 /* Build configuration list for PBXNativeTarget "My Fancy Room" */ = {
			isa = XCConfigurationList;
			buildConfigurations = (
				8AEB43791D1597CE004B97E7 /* Debug */,
				8AEB437A1D1597CE004B97E7 /* Release */,
			);
			defaultConfigurationIsVisible = 0;
			defaultConfigurationName = Release;
		};
/* End XCConfigurationList section */
	};
	rootObject = 8AEB435E1D1597CE004B97E7 /* Project object */;
}
