// !$*UTF8*$!
{
	archiveVersion = 1;
	classes = {
	};
	objectVersion = 46;
	objects = {

/* Begin PBXBuildFile section */
		BE83D1771D15EE1900033295 /* AppDelegate.swift in Sources */ = {isa = PBXBuildFile; fileRef = BE83D1761D15EE1900033295 /* AppDelegate.swift */; };
		BE83D1791D15EE1900033295 /* ViewController.swift in Sources */ = {isa = PBXBuildFile; fileRef = BE83D1781D15EE1900033295 /* ViewController.swift */; };
		BE83D17C1D15EE1900033295 /* Main.storyboard in Resources */ = {isa = PBXBuildFile; fileRef = BE83D17A1D15EE1900033295 /* Main.storyboard */; };
		BE83D17E1D15EE1900033295 /* Assets.xcassets in Resources */ = {isa = PBXBuildFile; fileRef = BE83D17D1D15EE1900033295 /* Assets.xcassets */; };
		BE83D1811D15EE1900033295 /* LaunchScreen.storyboard in Resources */ = {isa = PBXBuildFile; fileRef = BE83D17F1D15EE1900033295 /* LaunchScreen.storyboard */; };
		BE83D18C1D15EE1900033295 /* PyfBackendTests.swift in Sources */ = {isa = PBXBuildFile; fileRef = BE83D18B1D15EE1900033295 /* PyfBackendTests.swift */; };
		BE83D1971D15EE1900033295 /* PyfBackendUITests.swift in Sources */ = {isa = PBXBuildFile; fileRef = BE83D1961D15EE1900033295 /* PyfBackendUITests.swift */; };
		BE83D1A51D15FF2600033295 /* GoogleService-Info.plist in Resources */ = {isa = PBXBuildFile; fileRef = BE83D1A41D15FF2600033295 /* GoogleService-Info.plist */; };
		BE83D1A71D16105500033295 /* database.json in Resources */ = {isa = PBXBuildFile; fileRef = BE83D1A61D16105500033295 /* database.json */; };
		D90F333A2C0E39E65D87A59A /* Pods_PyfBackend.framework in Frameworks */ = {isa = PBXBuildFile; fileRef = 2F08336648EA86CD0E350FA6 /* Pods_PyfBackend.framework */; };
/* End PBXBuildFile section */

/* Begin PBXContainerItemProxy section */
		BE83D1881D15EE1900033295 /* PBXContainerItemProxy */ = {
			isa = PBXContainerItemProxy;
			containerPortal = BE83D16B1D15EE1800033295 /* Project object */;
			proxyType = 1;
			remoteGlobalIDString = BE83D1721D15EE1900033295;
			remoteInfo = PyfBackend;
		};
		BE83D1931D15EE1900033295 /* PBXContainerItemProxy */ = {
			isa = PBXContainerItemProxy;
			containerPortal = BE83D16B1D15EE1800033295 /* Project object */;
			proxyType = 1;
			remoteGlobalIDString = BE83D1721D15EE1900033295;
			remoteInfo = PyfBackend;
		};
/* End PBXContainerItemProxy section */

/* Begin PBXFileReference section */
		1019D14D7B4114F44652A37B /* Pods_PyfBackendUITests.framework */ = {isa = PBXFileReference; explicitFileType = wrapper.framework; includeInIndex = 0; path = Pods_PyfBackendUITests.framework; sourceTree = BUILT_PRODUCTS_DIR; };
		2D07D8C9B9962433F116DC0A /* Pods-PyfBackend.debug.xcconfig */ = {isa = PBXFileReference; includeInIndex = 1; lastKnownFileType = text.xcconfig; name = "Pods-PyfBackend.debug.xcconfig"; path = "Pods/Target Support Files/Pods-PyfBackend/Pods-PyfBackend.debug.xcconfig"; sourceTree = "<group>"; };
		2F08336648EA86CD0E350FA6 /* Pods_PyfBackend.framework */ = {isa = PBXFileReference; explicitFileType = wrapper.framework; includeInIndex = 0; path = Pods_PyfBackend.framework; sourceTree = BUILT_PRODUCTS_DIR; };
		B055EC352BD3CE184C010A39 /* Pods-PyfBackend.release.xcconfig */ = {isa = PBXFileReference; includeInIndex = 1; lastKnownFileType = text.xcconfig; name = "Pods-PyfBackend.release.xcconfig"; path = "Pods/Target Support Files/Pods-PyfBackend/Pods-PyfBackend.release.xcconfig"; sourceTree = "<group>"; };
		BE83D1731D15EE1900033295 /* PyfBackend.app */ = {isa = PBXFileReference; explicitFileType = wrapper.application; includeInIndex = 0; path = PyfBackend.app; sourceTree = BUILT_PRODUCTS_DIR; };
		BE83D1761D15EE1900033295 /* AppDelegate.swift */ = {isa = PBXFileReference; lastKnownFileType = sourcecode.swift; path = AppDelegate.swift; sourceTree = "<group>"; };
		BE83D1781D15EE1900033295 /* ViewController.swift */ = {isa = PBXFileReference; lastKnownFileType = sourcecode.swift; path = ViewController.swift; sourceTree = "<group>"; };
		BE83D17B1D15EE1900033295 /* Base */ = {isa = PBXFileReference; lastKnownFileType = file.storyboard; name = Base; path = Base.lproj/Main.storyboard; sourceTree = "<group>"; };
		BE83D17D1D15EE1900033295 /* Assets.xcassets */ = {isa = PBXFileReference; lastKnownFileType = folder.assetcatalog; path = Assets.xcassets; sourceTree = "<group>"; };
		BE83D1801D15EE1900033295 /* Base */ = {isa = PBXFileReference; lastKnownFileType = file.storyboard; name = Base; path = Base.lproj/LaunchScreen.storyboard; sourceTree = "<group>"; };
		BE83D1821D15EE1900033295 /* Info.plist */ = {isa = PBXFileReference; lastKnownFileType = text.plist.xml; path = Info.plist; sourceTree = "<group>"; };
		BE83D1871D15EE1900033295 /* PyfBackendTests.xctest */ = {isa = PBXFileReference; explicitFileType = wrapper.cfbundle; includeInIndex = 0; path = PyfBackendTests.xctest; sourceTree = BUILT_PRODUCTS_DIR; };
		BE83D18B1D15EE1900033295 /* PyfBackendTests.swift */ = {isa = PBXFileReference; lastKnownFileType = sourcecode.swift; path = PyfBackendTests.swift; sourceTree = "<group>"; };
		BE83D18D1D15EE1900033295 /* Info.plist */ = {isa = PBXFileReference; lastKnownFileType = text.plist.xml; path = Info.plist; sourceTree = "<group>"; };
		BE83D1921D15EE1900033295 /* PyfBackendUITests.xctest */ = {isa = PBXFileReference; explicitFileType = wrapper.cfbundle; includeInIndex = 0; path = PyfBackendUITests.xctest; sourceTree = BUILT_PRODUCTS_DIR; };
		BE83D1961D15EE1900033295 /* PyfBackendUITests.swift */ = {isa = PBXFileReference; lastKnownFileType = sourcecode.swift; path = PyfBackendUITests.swift; sourceTree = "<group>"; };
		BE83D1981D15EE1900033295 /* Info.plist */ = {isa = PBXFileReference; lastKnownFileType = text.plist.xml; path = Info.plist; sourceTree = "<group>"; };
		BE83D1A41D15FF2600033295 /* GoogleService-Info.plist */ = {isa = PBXFileReference; fileEncoding = 4; lastKnownFileType = text.plist.xml; name = "GoogleService-Info.plist"; path = "PyfBackend/GoogleService-Info.plist"; sourceTree = "<group>"; };
		BE83D1A61D16105500033295 /* database.json */ = {isa = PBXFileReference; fileEncoding = 4; lastKnownFileType = text.json; path = database.json; sourceTree = "<group>"; };
		C70A121F29C06BB5392897CD /* Pods_PyfBackendTests.framework */ = {isa = PBXFileReference; explicitFileType = wrapper.framework; includeInIndex = 0; path = Pods_PyfBackendTests.framework; sourceTree = BUILT_PRODUCTS_DIR; };
/* End PBXFileReference section */

/* Begin PBXFrameworksBuildPhase section */
		BE83D1701D15EE1900033295 /* Frameworks */ = {
			isa = PBXFrameworksBuildPhase;
			buildActionMask = 2147483647;
			files = (
				D90F333A2C0E39E65D87A59A /* Pods_PyfBackend.framework in Frameworks */,
			);
			runOnlyForDeploymentPostprocessing = 0;
		};
		BE83D1841D15EE1900033295 /* Frameworks */ = {
			isa = PBXFrameworksBuildPhase;
			buildActionMask = 2147483647;
			files = (
			);
			runOnlyForDeploymentPostprocessing = 0;
		};
		BE83D18F1D15EE1900033295 /* Frameworks */ = {
			isa = PBXFrameworksBuildPhase;
			buildActionMask = 2147483647;
			files = (
			);
			runOnlyForDeploymentPostprocessing = 0;
		};
/* End PBXFrameworksBuildPhase section */

/* Begin PBXGroup section */
		A88E7C1C0A060B0777D3EED1 /* Frameworks */ = {
			isa = PBXGroup;
			children = (
				2F08336648EA86CD0E350FA6 /* Pods_PyfBackend.framework */,
				C70A121F29C06BB5392897CD /* Pods_PyfBackendTests.framework */,
				1019D14D7B4114F44652A37B /* Pods_PyfBackendUITests.framework */,
			);
			name = Frameworks;
			sourceTree = "<group>";
		};
		A8DD02373065EF9AA378D8AF /* Pods */ = {
			isa = PBXGroup;
			children = (
				2D07D8C9B9962433F116DC0A /* Pods-PyfBackend.debug.xcconfig */,
				B055EC352BD3CE184C010A39 /* Pods-PyfBackend.release.xcconfig */,
			);
			name = Pods;
			sourceTree = "<group>";
		};
		BE83D16A1D15EE1800033295 = {
			isa = PBXGroup;
			children = (
				BE83D1A61D16105500033295 /* database.json */,
				BE83D1A41D15FF2600033295 /* GoogleService-Info.plist */,
				BE83D1751D15EE1900033295 /* PyfBackend */,
				BE83D18A1D15EE1900033295 /* PyfBackendTests */,
				BE83D1951D15EE1900033295 /* PyfBackendUITests */,
				BE83D1741D15EE1900033295 /* Products */,
				A8DD02373065EF9AA378D8AF /* Pods */,
				A88E7C1C0A060B0777D3EED1 /* Frameworks */,
			);
			sourceTree = "<group>";
		};
		BE83D1741D15EE1900033295 /* Products */ = {
			isa = PBXGroup;
			children = (
				BE83D1731D15EE1900033295 /* PyfBackend.app */,
				BE83D1871D15EE1900033295 /* PyfBackendTests.xctest */,
				BE83D1921D15EE1900033295 /* PyfBackendUITests.xctest */,
			);
			name = Products;
			sourceTree = "<group>";
		};
		BE83D1751D15EE1900033295 /* PyfBackend */ = {
			isa = PBXGroup;
			children = (
				BE83D1761D15EE1900033295 /* AppDelegate.swift */,
				BE83D1781D15EE1900033295 /* ViewController.swift */,
				BE83D17A1D15EE1900033295 /* Main.storyboard */,
				BE83D17D1D15EE1900033295 /* Assets.xcassets */,
				BE83D17F1D15EE1900033295 /* LaunchScreen.storyboard */,
				BE83D1821D15EE1900033295 /* Info.plist */,
			);
			path = PyfBackend;
			sourceTree = "<group>";
		};
		BE83D18A1D15EE1900033295 /* PyfBackendTests */ = {
			isa = PBXGroup;
			children = (
				BE83D18B1D15EE1900033295 /* PyfBackendTests.swift */,
				BE83D18D1D15EE1900033295 /* Info.plist */,
			);
			path = PyfBackendTests;
			sourceTree = "<group>";
		};
		BE83D1951D15EE1900033295 /* PyfBackendUITests */ = {
			isa = PBXGroup;
			children = (
				BE83D1961D15EE1900033295 /* PyfBackendUITests.swift */,
				BE83D1981D15EE1900033295 /* Info.plist */,
			);
			path = PyfBackendUITests;
			sourceTree = "<group>";
		};
/* End PBXGroup section */

/* Begin PBXNativeTarget section */
		BE83D1721D15EE1900033295 /* PyfBackend */ = {
			isa = PBXNativeTarget;
			buildConfigurationList = BE83D19B1D15EE1900033295 /* Build configuration list for PBXNativeTarget "PyfBackend" */;
			buildPhases = (
				1B77C7B28CB429821C43A76E /* [CP] Check Pods Manifest.lock */,
				BE83D16F1D15EE1900033295 /* Sources */,
				BE83D1701D15EE1900033295 /* Frameworks */,
				BE83D1711D15EE1900033295 /* Resources */,
				A540A26FA6651196F41EA115 /* [CP] Embed Pods Frameworks */,
				D353A5DCCEE85ED87E9D8720 /* [CP] Copy Pods Resources */,
			);
			buildRules = (
			);
			dependencies = (
			);
			name = PyfBackend;
			productName = PyfBackend;
			productReference = BE83D1731D15EE1900033295 /* PyfBackend.app */;
			productType = "com.apple.product-type.application";
		};
		BE83D1861D15EE1900033295 /* PyfBackendTests */ = {
			isa = PBXNativeTarget;
			buildConfigurationList = BE83D19E1D15EE1900033295 /* Build configuration list for PBXNativeTarget "PyfBackendTests" */;
			buildPhases = (
				80E5BE4333EC9E3B94C0FA3E /* [CP] Check Pods Manifest.lock */,
				BE83D1831D15EE1900033295 /* Sources */,
				BE83D1841D15EE1900033295 /* Frameworks */,
				BE83D1851D15EE1900033295 /* Resources */,
				511CC73C625A5977B5A03FD8 /* [CP] Embed Pods Frameworks */,
				7D71F1F4ED3A31D0FE38A5CA /* [CP] Copy Pods Resources */,
			);
			buildRules = (
			);
			dependencies = (
				BE83D1891D15EE1900033295 /* PBXTargetDependency */,
			);
			name = PyfBackendTests;
			productName = PyfBackendTests;
			productReference = BE83D1871D15EE1900033295 /* PyfBackendTests.xctest */;
			productType = "com.apple.product-type.bundle.unit-test";
		};
		BE83D1911D15EE1900033295 /* PyfBackendUITests */ = {
			isa = PBXNativeTarget;
			buildConfigurationList = BE83D1A11D15EE1900033295 /* Build configuration list for PBXNativeTarget "PyfBackendUITests" */;
			buildPhases = (
				786A03A08964FE5D33F6B13A /* [CP] Check Pods Manifest.lock */,
				BE83D18E1D15EE1900033295 /* Sources */,
				BE83D18F1D15EE1900033295 /* Frameworks */,
				BE83D1901D15EE1900033295 /* Resources */,
				0535A26267FA6132D622C9A0 /* [CP] Copy Pods Resources */,
			);
			buildRules = (
			);
			dependencies = (
				BE83D1941D15EE1900033295 /* PBXTargetDependency */,
			);
			name = PyfBackendUITests;
			productName = PyfBackendUITests;
			productReference = BE83D1921D15EE1900033295 /* PyfBackendUITests.xctest */;
			productType = "com.apple.product-type.bundle.ui-testing";
		};
/* End PBXNativeTarget section */

/* Begin PBXProject section */
		BE83D16B1D15EE1800033295 /* Project object */ = {
			isa = PBXProject;
			attributes = {
				LastSwiftUpdateCheck = 0720;
				LastUpgradeCheck = 0720;
				ORGANIZATIONNAME = "Kim L";
				TargetAttributes = {
					BE83D1721D15EE1900033295 = {
						CreatedOnToolsVersion = 7.2;
						DevelopmentTeam = H7BJ43T338;
					};
					BE83D1861D15EE1900033295 = {
						CreatedOnToolsVersion = 7.2;
						DevelopmentTeam = H7BJ43T338;
						TestTargetID = BE83D1721D15EE1900033295;
					};
					BE83D1911D15EE1900033295 = {
						CreatedOnToolsVersion = 7.2;
						DevelopmentTeam = H7BJ43T338;
						TestTargetID = BE83D1721D15EE1900033295;
					};
				};
			};
			buildConfigurationList = BE83D16E1D15EE1800033295 /* Build configuration list for PBXProject "PyfBackend" */;
			compatibilityVersion = "Xcode 3.2";
			developmentRegion = English;
			hasScannedForEncodings = 0;
			knownRegions = (
				en,
				Base,
			);
			mainGroup = BE83D16A1D15EE1800033295;
			productRefGroup = BE83D1741D15EE1900033295 /* Products */;
			projectDirPath = "";
			projectRoot = "";
			targets = (
				BE83D1721D15EE1900033295 /* PyfBackend */,
				BE83D1861D15EE1900033295 /* PyfBackendTests */,
				BE83D1911D15EE1900033295 /* PyfBackendUITests */,
			);
		};
/* End PBXProject section */

/* Begin PBXResourcesBuildPhase section */
		BE83D1711D15EE1900033295 /* Resources */ = {
			isa = PBXResourcesBuildPhase;
			buildActionMask = 2147483647;
			files = (
				BE83D1A71D16105500033295 /* database.json in Resources */,
				BE83D1811D15EE1900033295 /* LaunchScreen.storyboard in Resources */,
				BE83D1A51D15FF2600033295 /* GoogleService-Info.plist in Resources */,
				BE83D17E1D15EE1900033295 /* Assets.xcassets in Resources */,
				BE83D17C1D15EE1900033295 /* Main.storyboard in Resources */,
			);
			runOnlyForDeploymentPostprocessing = 0;
		};
		BE83D1851D15EE1900033295 /* Resources */ = {
			isa = PBXResourcesBuildPhase;
			buildActionMask = 2147483647;
			files = (
			);
			runOnlyForDeploymentPostprocessing = 0;
		};
		BE83D1901D15EE1900033295 /* Resources */ = {
			isa = PBXResourcesBuildPhase;
			buildActionMask = 2147483647;
			files = (
			);
			runOnlyForDeploymentPostprocessing = 0;
		};
/* End PBXResourcesBuildPhase section */

/* Begin PBXShellScriptBuildPhase section */
		0535A26267FA6132D622C9A0 /* [CP] Copy Pods Resources */ = {
			isa = PBXShellScriptBuildPhase;
			buildActionMask = 2147483647;
			files = (
			);
			inputPaths = (
			);
			name = "[CP] Copy Pods Resources";
			outputPaths = (
			);
			runOnlyForDeploymentPostprocessing = 0;
			shellPath = /bin/sh;
			shellScript = "\"${SRCROOT}/Pods/Target Support Files/Pods-PyfBackendUITests/Pods-PyfBackendUITests-resources.sh\"\n";
			showEnvVarsInLog = 0;
		};
		1B77C7B28CB429821C43A76E /* [CP] Check Pods Manifest.lock */ = {
			isa = PBXShellScriptBuildPhase;
			buildActionMask = 2147483647;
			files = (
			);
			inputPaths = (
			);
			name = "[CP] Check Pods Manifest.lock";
			outputPaths = (
			);
			runOnlyForDeploymentPostprocessing = 0;
			shellPath = /bin/sh;
			shellScript = "diff \"${PODS_ROOT}/../Podfile.lock\" \"${PODS_ROOT}/Manifest.lock\" > /dev/null\nif [[ $? != 0 ]] ; then\n    cat << EOM\nerror: The sandbox is not in sync with the Podfile.lock. Run 'pod install' or update your CocoaPods installation.\nEOM\n    exit 1\nfi\n";
			showEnvVarsInLog = 0;
		};
		511CC73C625A5977B5A03FD8 /* [CP] Embed Pods Frameworks */ = {
			isa = PBXShellScriptBuildPhase;
			buildActionMask = 2147483647;
			files = (
			);
			inputPaths = (
			);
			name = "[CP] Embed Pods Frameworks";
			outputPaths = (
			);
			runOnlyForDeploymentPostprocessing = 0;
			shellPath = /bin/sh;
			shellScript = "\"${SRCROOT}/Pods/Target Support Files/Pods-PyfBackendTests/Pods-PyfBackendTests-frameworks.sh\"\n";
			showEnvVarsInLog = 0;
		};
		786A03A08964FE5D33F6B13A /* [CP] Check Pods Manifest.lock */ = {
			isa = PBXShellScriptBuildPhase;
			buildActionMask = 2147483647;
			files = (
			);
			inputPaths = (
			);
			name = "[CP] Check Pods Manifest.lock";
			outputPaths = (
			);
			runOnlyForDeploymentPostprocessing = 0;
			shellPath = /bin/sh;
			shellScript = "diff \"${PODS_ROOT}/../Podfile.lock\" \"${PODS_ROOT}/Manifest.lock\" > /dev/null\nif [[ $? != 0 ]] ; then\n    cat << EOM\nerror: The sandbox is not in sync with the Podfile.lock. Run 'pod install' or update your CocoaPods installation.\nEOM\n    exit 1\nfi\n";
			showEnvVarsInLog = 0;
		};
		7D71F1F4ED3A31D0FE38A5CA /* [CP] Copy Pods Resources */ = {
			isa = PBXShellScriptBuildPhase;
			buildActionMask = 2147483647;
			files = (
			);
			inputPaths = (
			);
			name = "[CP] Copy Pods Resources";
			outputPaths = (
			);
			runOnlyForDeploymentPostprocessing = 0;
			shellPath = /bin/sh;
			shellScript = "\"${SRCROOT}/Pods/Target Support Files/Pods-PyfBackendTests/Pods-PyfBackendTests-resources.sh\"\n";
			showEnvVarsInLog = 0;
		};
		80E5BE4333EC9E3B94C0FA3E /* [CP] Check Pods Manifest.lock */ = {
			isa = PBXShellScriptBuildPhase;
			buildActionMask = 2147483647;
			files = (
			);
			inputPaths = (
			);
			name = "[CP] Check Pods Manifest.lock";
			outputPaths = (
			);
			runOnlyForDeploymentPostprocessing = 0;
			shellPath = /bin/sh;
			shellScript = "diff \"${PODS_ROOT}/../Podfile.lock\" \"${PODS_ROOT}/Manifest.lock\" > /dev/null\nif [[ $? != 0 ]] ; then\n    cat << EOM\nerror: The sandbox is not in sync with the Podfile.lock. Run 'pod install' or update your CocoaPods installation.\nEOM\n    exit 1\nfi\n";
			showEnvVarsInLog = 0;
		};
		A540A26FA6651196F41EA115 /* [CP] Embed Pods Frameworks */ = {
			isa = PBXShellScriptBuildPhase;
			buildActionMask = 2147483647;
			files = (
			);
			inputPaths = (
			);
			name = "[CP] Embed Pods Frameworks";
			outputPaths = (
			);
			runOnlyForDeploymentPostprocessing = 0;
			shellPath = /bin/sh;
			shellScript = "\"${SRCROOT}/Pods/Target Support Files/Pods-PyfBackend/Pods-PyfBackend-frameworks.sh\"\n";
			showEnvVarsInLog = 0;
		};
		D353A5DCCEE85ED87E9D8720 /* [CP] Copy Pods Resources */ = {
			isa = PBXShellScriptBuildPhase;
			buildActionMask = 2147483647;
			files = (
			);
			inputPaths = (
			);
			name = "[CP] Copy Pods Resources";
			outputPaths = (
			);
			runOnlyForDeploymentPostprocessing = 0;
			shellPath = /bin/sh;
			shellScript = "\"${SRCROOT}/Pods/Target Support Files/Pods-PyfBackend/Pods-PyfBackend-resources.sh\"\n";
			showEnvVarsInLog = 0;
		};
/* End PBXShellScriptBuildPhase section */

/* Begin PBXSourcesBuildPhase section */
		BE83D16F1D15EE1900033295 /* Sources */ = {
			isa = PBXSourcesBuildPhase;
			buildActionMask = 2147483647;
			files = (
				BE83D1791D15EE1900033295 /* ViewController.swift in Sources */,
				BE83D1771D15EE1900033295 /* AppDelegate.swift in Sources */,
			);
			runOnlyForDeploymentPostprocessing = 0;
		};
		BE83D1831D15EE1900033295 /* Sources */ = {
			isa = PBXSourcesBuildPhase;
			buildActionMask = 2147483647;
			files = (
				BE83D18C1D15EE1900033295 /* PyfBackendTests.swift in Sources */,
			);
			runOnlyForDeploymentPostprocessing = 0;
		};
		BE83D18E1D15EE1900033295 /* Sources */ = {
			isa = PBXSourcesBuildPhase;
			buildActionMask = 2147483647;
			files = (
				BE83D1971D15EE1900033295 /* PyfBackendUITests.swift in Sources */,
			);
			runOnlyForDeploymentPostprocessing = 0;
		};
/* End PBXSourcesBuildPhase section */

/* Begin PBXTargetDependency section */
		BE83D1891D15EE1900033295 /* PBXTargetDependency */ = {
			isa = PBXTargetDependency;
			target = BE83D1721D15EE1900033295 /* PyfBackend */;
			targetProxy = BE83D1881D15EE1900033295 /* PBXContainerItemProxy */;
		};
		BE83D1941D15EE1900033295 /* PBXTargetDependency */ = {
			isa = PBXTargetDependency;
			target = BE83D1721D15EE1900033295 /* PyfBackend */;
			targetProxy = BE83D1931D15EE1900033295 /* PBXContainerItemProxy */;
		};
/* End PBXTargetDependency section */

/* Begin PBXVariantGroup section */
		BE83D17A1D15EE1900033295 /* Main.storyboard */ = {
			isa = PBXVariantGroup;
			children = (
				BE83D17B1D15EE1900033295 /* Base */,
			);
			name = Main.storyboard;
			sourceTree = "<group>";
		};
		BE83D17F1D15EE1900033295 /* LaunchScreen.storyboard */ = {
			isa = PBXVariantGroup;
			children = (
				BE83D1801D15EE1900033295 /* Base */,
			);
			name = LaunchScreen.storyboard;
			sourceTree = "<group>";
		};
/* End PBXVariantGroup section */

/* Begin XCBuildConfiguration section */
		BE83D1991D15EE1900033295 /* Debug */ = {
			isa = XCBuildConfiguration;
			buildSettings = {
				ALWAYS_SEARCH_USER_PATHS = NO;
				CLANG_CXX_LANGUAGE_STANDARD = "gnu++0x";
				CLANG_CXX_LIBRARY = "libc++";
				CLANG_ENABLE_MODULES = YES;
				CLANG_ENABLE_OBJC_ARC = YES;
				CLANG_WARN_BOOL_CONVERSION = YES;
				CLANG_WARN_CONSTANT_CONVERSION = YES;
				CLANG_WARN_DIRECT_OBJC_ISA_USAGE = YES_ERROR;
				CLANG_WARN_EMPTY_BODY = YES;
				CLANG_WARN_ENUM_CONVERSION = YES;
				CLANG_WARN_INT_CONVERSION = YES;
				CLANG_WARN_OBJC_ROOT_CLASS = YES_ERROR;
				CLANG_WARN_UNREACHABLE_CODE = YES;
				CLANG_WARN__DUPLICATE_METHOD_MATCH = YES;
				"CODE_SIGN_IDENTITY[sdk=iphoneos*]" = "iPhone Developer";
				COPY_PHASE_STRIP = NO;
				DEBUG_INFORMATION_FORMAT = dwarf;
				ENABLE_STRICT_OBJC_MSGSEND = YES;
				ENABLE_TESTABILITY = YES;
				GCC_C_LANGUAGE_STANDARD = gnu99;
				GCC_DYNAMIC_NO_PIC = NO;
				GCC_NO_COMMON_BLOCKS = YES;
				GCC_OPTIMIZATION_LEVEL = 0;
				GCC_PREPROCESSOR_DEFINITIONS = (
					"DEBUG=1",
					"$(inherited)",
				);
				GCC_WARN_64_TO_32_BIT_CONVERSION = YES;
				GCC_WARN_ABOUT_RETURN_TYPE = YES_ERROR;
				GCC_WARN_UNDECLARED_SELECTOR = YES;
				GCC_WARN_UNINITIALIZED_AUTOS = YES_AGGRESSIVE;
				GCC_WARN_UNUSED_FUNCTION = YES;
				GCC_WARN_UNUSED_VARIABLE = YES;
				IPHONEOS_DEPLOYMENT_TARGET = 9.2;
				MTL_ENABLE_DEBUG_INFO = YES;
				ONLY_ACTIVE_ARCH = YES;
				SDKROOT = iphoneos;
				SWIFT_OPTIMIZATION_LEVEL = "-Onone";
				TARGETED_DEVICE_FAMILY = "1,2";
			};
			name = Debug;
		};
		BE83D19A1D15EE1900033295 /* Release */ = {
			isa = XCBuildConfiguration;
			buildSettings = {
				ALWAYS_SEARCH_USER_PATHS = NO;
				CLANG_CXX_LANGUAGE_STANDARD = "gnu++0x";
				CLANG_CXX_LIBRARY = "libc++";
				CLANG_ENABLE_MODULES = YES;
				CLANG_ENABLE_OBJC_ARC = YES;
				CLANG_WARN_BOOL_CONVERSION = YES;
				CLANG_WARN_CONSTANT_CONVERSION = YES;
				CLANG_WARN_DIRECT_OBJC_ISA_USAGE = YES_ERROR;
				CLANG_WARN_EMPTY_BODY = YES;
				CLANG_WARN_ENUM_CONVERSION = YES;
				CLANG_WARN_INT_CONVERSION = YES;
				CLANG_WARN_OBJC_ROOT_CLASS = YES_ERROR;
				CLANG_WARN_UNREACHABLE_CODE = YES;
				CLANG_WARN__DUPLICATE_METHOD_MATCH = YES;
				"CODE_SIGN_IDENTITY[sdk=iphoneos*]" = "iPhone Developer";
				COPY_PHASE_STRIP = NO;
				DEBUG_INFORMATION_FORMAT = "dwarf-with-dsym";
				ENABLE_NS_ASSERTIONS = NO;
				ENABLE_STRICT_OBJC_MSGSEND = YES;
				GCC_C_LANGUAGE_STANDARD = gnu99;
				GCC_NO_COMMON_BLOCKS = YES;
				GCC_WARN_64_TO_32_BIT_CONVERSION = YES;
				GCC_WARN_ABOUT_RETURN_TYPE = YES_ERROR;
				GCC_WARN_UNDECLARED_SELECTOR = YES;
				GCC_WARN_UNINITIALIZED_AUTOS = YES_AGGRESSIVE;
				GCC_WARN_UNUSED_FUNCTION = YES;
				GCC_WARN_UNUSED_VARIABLE = YES;
				IPHONEOS_DEPLOYMENT_TARGET = 9.2;
				MTL_ENABLE_DEBUG_INFO = NO;
				SDKROOT = iphoneos;
				TARGETED_DEVICE_FAMILY = "1,2";
				VALIDATE_PRODUCT = YES;
			};
			name = Release;
		};
		BE83D19C1D15EE1900033295 /* Debug */ = {
			isa = XCBuildConfiguration;
			baseConfigurationReference = 2D07D8C9B9962433F116DC0A /* Pods-PyfBackend.debug.xcconfig */;
			buildSettings = {
				ASSETCATALOG_COMPILER_APPICON_NAME = AppIcon;
				CODE_SIGN_IDENTITY = "iPhone Developer";
				"CODE_SIGN_IDENTITY[sdk=iphoneos*]" = "iPhone Developer";
				INFOPLIST_FILE = PyfBackend/Info.plist;
				IPHONEOS_DEPLOYMENT_TARGET = 9.0;
				LD_RUNPATH_SEARCH_PATHS = "$(inherited) @executable_path/Frameworks";
				PRODUCT_BUNDLE_IDENTIFIER = com.pyf.pyfbackend.PyfBackend;
				PRODUCT_NAME = "$(TARGET_NAME)";
				PROVISIONING_PROFILE = "";
			};
			name = Debug;
		};
		BE83D19D1D15EE1900033295 /* Release */ = {
			isa = XCBuildConfiguration;
			baseConfigurationReference = B055EC352BD3CE184C010A39 /* Pods-PyfBackend.release.xcconfig */;
			buildSettings = {
				ASSETCATALOG_COMPILER_APPICON_NAME = AppIcon;
				CODE_SIGN_IDENTITY = "iPhone Developer";
				"CODE_SIGN_IDENTITY[sdk=iphoneos*]" = "iPhone Developer";
				INFOPLIST_FILE = PyfBackend/Info.plist;
				IPHONEOS_DEPLOYMENT_TARGET = 9.0;
				LD_RUNPATH_SEARCH_PATHS = "$(inherited) @executable_path/Frameworks";
				PRODUCT_BUNDLE_IDENTIFIER = com.pyf.pyfbackend.PyfBackend;
				PRODUCT_NAME = "$(TARGET_NAME)";
				PROVISIONING_PROFILE = "";
			};
			name = Release;
		};
		BE83D19F1D15EE1900033295 /* Debug */ = {
			isa = XCBuildConfiguration;
			buildSettings = {
				BUNDLE_LOADER = "$(TEST_HOST)";
				INFOPLIST_FILE = PyfBackendTests/Info.plist;
				LD_RUNPATH_SEARCH_PATHS = "$(inherited) @executable_path/Frameworks @loader_path/Frameworks";
				PRODUCT_BUNDLE_IDENTIFIER = com.pyf.pyfbackend.PyfBackendTests;
				PRODUCT_NAME = "$(TARGET_NAME)";
				TEST_HOST = "$(BUILT_PRODUCTS_DIR)/PyfBackend.app/PyfBackend";
			};
			name = Debug;
		};
		BE83D1A01D15EE1900033295 /* Release */ = {
			isa = XCBuildConfiguration;
			buildSettings = {
				BUNDLE_LOADER = "$(TEST_HOST)";
				INFOPLIST_FILE = PyfBackendTests/Info.plist;
				LD_RUNPATH_SEARCH_PATHS = "$(inherited) @executable_path/Frameworks @loader_path/Frameworks";
				PRODUCT_BUNDLE_IDENTIFIER = com.pyf.pyfbackend.PyfBackendTests;
				PRODUCT_NAME = "$(TARGET_NAME)";
				TEST_HOST = "$(BUILT_PRODUCTS_DIR)/PyfBackend.app/PyfBackend";
			};
			name = Release;
		};
		BE83D1A21D15EE1900033295 /* Debug */ = {
			isa = XCBuildConfiguration;
			buildSettings = {
				INFOPLIST_FILE = PyfBackendUITests/Info.plist;
				LD_RUNPATH_SEARCH_PATHS = "$(inherited) @executable_path/Frameworks @loader_path/Frameworks";
				PRODUCT_BUNDLE_IDENTIFIER = com.pyf.pyfbackend.PyfBackendUITests;
				PRODUCT_NAME = "$(TARGET_NAME)";
				TEST_TARGET_NAME = PyfBackend;
				USES_XCTRUNNER = YES;
			};
			name = Debug;
		};
		BE83D1A31D15EE1900033295 /* Release */ = {
			isa = XCBuildConfiguration;
			buildSettings = {
				INFOPLIST_FILE = PyfBackendUITests/Info.plist;
				LD_RUNPATH_SEARCH_PATHS = "$(inherited) @executable_path/Frameworks @loader_path/Frameworks";
				PRODUCT_BUNDLE_IDENTIFIER = com.pyf.pyfbackend.PyfBackendUITests;
				PRODUCT_NAME = "$(TARGET_NAME)";
				TEST_TARGET_NAME = PyfBackend;
				USES_XCTRUNNER = YES;
			};
			name = Release;
		};
/* End XCBuildConfiguration section */

/* Begin XCConfigurationList section */
		BE83D16E1D15EE1800033295 /* Build configuration list for PBXProject "PyfBackend" */ = {
			isa = XCConfigurationList;
			buildConfigurations = (
				BE83D1991D15EE1900033295 /* Debug */,
				BE83D19A1D15EE1900033295 /* Release */,
			);
			defaultConfigurationIsVisible = 0;
			defaultConfigurationName = Release;
		};
		BE83D19B1D15EE1900033295 /* Build configuration list for PBXNativeTarget "PyfBackend" */ = {
			isa = XCConfigurationList;
			buildConfigurations = (
				BE83D19C1D15EE1900033295 /* Debug */,
				BE83D19D1D15EE1900033295 /* Release */,
			);
			defaultConfigurationIsVisible = 0;
			defaultConfigurationName = Release;
		};
		BE83D19E1D15EE1900033295 /* Build configuration list for PBXNativeTarget "PyfBackendTests" */ = {
			isa = XCConfigurationList;
			buildConfigurations = (
				BE83D19F1D15EE1900033295 /* Debug */,
				BE83D1A01D15EE1900033295 /* Release */,
			);
			defaultConfigurationIsVisible = 0;
			defaultConfigurationName = Release;
		};
		BE83D1A11D15EE1900033295 /* Build configuration list for PBXNativeTarget "PyfBackendUITests" */ = {
			isa = XCConfigurationList;
			buildConfigurations = (
				BE83D1A21D15EE1900033295 /* Debug */,
				BE83D1A31D15EE1900033295 /* Release */,
			);
			defaultConfigurationIsVisible = 0;
			defaultConfigurationName = Release;
		};
/* End XCConfigurationList section */
	};
	rootObject = BE83D16B1D15EE1800033295 /* Project object */;
}
